
Microsoft Visual Studio Solution File, Format Version 12.00
# Visual Studio 15
VisualStudioVersion = 15.0.26730.8
MinimumVisualStudioVersion = 10.0.40219.1
Project("{8BC9CEB8-8B4A-11D0-8D11-00A0C91BC942}") = "Project5", "Project5\Project5.vcxproj", "{23EB71CB-784B-4082-855D-29FE5AA3653D}"
EndProject
Global
	GlobalSection(SolutionConfigurationPlatforms) = preSolution
		Debug|x64 = Debug|x64
		Debug|x86 = Debug|x86
		Release|x64 = Release|x64
		Release|x86 = Release|x86
	EndGlobalSection
	GlobalSection(ProjectConfigurationPlatforms) = postSolution
		{23EB71CB-784B-4082-855D-29FE5AA3653D}.Debug|x64.ActiveCfg = Debug|x64
		{23EB71CB-784B-4082-855D-29FE5AA3653D}.Debug|x64.Build.0 = Debug|x64
		{23EB71CB-784B-4082-855D-29FE5AA3653D}.Debug|x86.ActiveCfg = Debug|Win32
		{23EB71CB-784B-4082-855D-29FE5AA3653D}.Debug|x86.Build.0 = Debug|Win32
		{23EB71CB-784B-4082-855D-29FE5AA3653D}.Release|x64.ActiveCfg = Release|x64
		{23EB71CB-784B-4082-855D-29FE5AA3653D}.Release|x64.Build.0 = Release|x64
		{23EB71CB-784B-4082-855D-29FE5AA3653D}.Release|x86.ActiveCfg = Release|Win32
		{23EB71CB-784B-4082-855D-29FE5AA3653D}.Release|x86.Build.0 = Release|Win32
	EndGlobalSection
	GlobalSection(SolutionProperties) = preSolution
		HideSolutionNode = FALSE
	EndGlobalSection
	GlobalSection(ExtensibilityGlobals) = postSolution
		SolutionGuid = {52B919BB-C306-4447-ADB9-5EF429488A38}
	EndGlobalSection
EndGlobal
